// !$*UTF8*$!
{
	archiveVersion = 1;
	classes = {
	};
	objectVersion = 77;
	objects = {

/* Begin PBXContainerItemProxy section */
		7C57EB2A2D1ADC800075FFB4 /* PBXContainerItemProxy */ = {
			isa = PBXContainerItemProxy;
			containerPortal = 7C57EB112D1ADC7E0075FFB4 /* Project object */;
			proxyType = 1;
			remoteGlobalIDString = 7C57EB182D1ADC7E0075FFB4;
			remoteInfo = "SwiftUI-Sample";
		};
		7C57EB342D1ADC810075FFB4 /* PBXContainerItemProxy */ = {
			isa = PBXContainerItemProxy;
			containerPortal = 7C57EB112D1ADC7E0075FFB4 /* Project object */;
			proxyType = 1;
			remoteGlobalIDString = 7C57EB182D1ADC7E0075FFB4;
			remoteInfo = "SwiftUI-Sample";
		};
/* End PBXContainerItemProxy section */

/* Begin PBXFileReference section */
		7C57EB192D1ADC7E0075FFB4 /* SwiftUI-Sample.app */ = {isa = PBXFileReference; explicitFileType = wrapper.application; includeInIndex = 0; path = "SwiftUI-Sample.app"; sourceTree = BUILT_PRODUCTS_DIR; };
		7C57EB292D1ADC800075FFB4 /* SwiftUI-SampleTests.xctest */ = {isa = PBXFileReference; explicitFileType = wrapper.cfbundle; includeInIndex = 0; path = "SwiftUI-SampleTests.xctest"; sourceTree = BUILT_PRODUCTS_DIR; };
		7C57EB332D1ADC810075FFB4 /* SwiftUI-SampleUITests.xctest */ = {isa = PBXFileReference; explicitFileType = wrapper.cfbundle; includeInIndex = 0; path = "SwiftUI-SampleUITests.xctest"; sourceTree = BUILT_PRODUCTS_DIR; };
/* End PBXFileReference section */

/* Begin PBXFileSystemSynchronizedRootGroup section */
		7C57EB1B2D1ADC7E0075FFB4 /* SwiftUI-Sample */ = {
			isa = PBXFileSystemSynchronizedRootGroup;
			path = "SwiftUI-Sample";
			sourceTree = "<group>";
		};
		7C57EB2C2D1ADC800075FFB4 /* SwiftUI-SampleTests */ = {
			isa = PBXFileSystemSynchronizedRootGroup;
			path = "SwiftUI-SampleTests";
			sourceTree = "<group>";
		};
		7C57EB362D1ADC810075FFB4 /* SwiftUI-SampleUITests */ = {
			isa = PBXFileSystemSynchronizedRootGroup;
			path = "SwiftUI-SampleUITests";
			sourceTree = "<group>";
		};
/* End PBXFileSystemSynchronizedRootGroup section */

/* Begin PBXFrameworksBuildPhase section */
		7C57EB162D1ADC7E0075FFB4 /* Frameworks */ = {
			isa = PBXFrameworksBuildPhase;
			buildActionMask = 2147483647;
			files = (
			);
			runOnlyForDeploymentPostprocessing = 0;
		};
		7C57EB262D1ADC800075FFB4 /* Frameworks */ = {
			isa = PBXFrameworksBuildPhase;
			buildActionMask = 2147483647;
			files = (
			);
			runOnlyForDeploymentPostprocessing = 0;
		};
		7C57EB302D1ADC810075FFB4 /* Frameworks */ = {
			isa = PBXFrameworksBuildPhase;
			buildActionMask = 2147483647;
			files = (
			);
			runOnlyForDeploymentPostprocessing = 0;
		};
/* End PBXFrameworksBuildPhase section */

/* Begin PBXGroup section */
		7C57EB102D1ADC7E0075FFB4 = {
			isa = PBXGroup;
			children = (
				7C57EB1B2D1ADC7E0075FFB4 /* SwiftUI-Sample */,
				7C57EB2C2D1ADC800075FFB4 /* SwiftUI-SampleTests */,
				7C57EB362D1ADC810075FFB4 /* SwiftUI-SampleUITests */,
				7C57EB1A2D1ADC7E0075FFB4 /* Products */,
			);
			sourceTree = "<group>";
		};
		7C57EB1A2D1ADC7E0075FFB4 /* Products */ = {
			isa = PBXGroup;
			children = (
				7C57EB192D1ADC7E0075FFB4 /* SwiftUI-Sample.app */,
				7C57EB292D1ADC800075FFB4 /* SwiftUI-SampleTests.xctest */,
				7C57EB332D1ADC810075FFB4 /* SwiftUI-SampleUITests.xctest */,
			);
			name = Products;
			sourceTree = "<group>";
		};
/* End PBXGroup section */

/* Begin PBXNativeTarget section */
		7C57EB182D1ADC7E0075FFB4 /* SwiftUI-Sample */ = {
			isa = PBXNativeTarget;
			buildConfigurationList = 7C57EB3D2D1ADC810075FFB4 /* Build configuration list for PBXNativeTarget "SwiftUI-Sample" */;
			buildPhases = (
				7C57EB152D1ADC7E0075FFB4 /* Sources */,
				7C57EB162D1ADC7E0075FFB4 /* Frameworks */,
				7C57EB172D1ADC7E0075FFB4 /* Resources */,
			);
			buildRules = (
			);
			dependencies = (
			);
			fileSystemSynchronizedGroups = (
				7C57EB1B2D1ADC7E0075FFB4 /* SwiftUI-Sample */,
			);
			name = "SwiftUI-Sample";
			packageProductDependencies = (
			);
			productName = "SwiftUI-Sample";
			productReference = 7C57EB192D1ADC7E0075FFB4 /* SwiftUI-Sample.app */;
			productType = "com.apple.product-type.application";
		};
		7C57EB282D1ADC800075FFB4 /* SwiftUI-SampleTests */ = {
			isa = PBXNativeTarget;
			buildConfigurationList = 7C57EB402D1ADC810075FFB4 /* Build configuration list for PBXNativeTarget "SwiftUI-SampleTests" */;
			buildPhases = (
				7C57EB252D1ADC800075FFB4 /* Sources */,
				7C57EB262D1ADC800075FFB4 /* Frameworks */,
				7C57EB272D1ADC800075FFB4 /* Resources */,
			);
			buildRules = (
			);
			dependencies = (
				7C57EB2B2D1ADC800075FFB4 /* PBXTargetDependency */,
			);
			fileSystemSynchronizedGroups = (
				7C57EB2C2D1ADC800075FFB4 /* SwiftUI-SampleTests */,
			);
			name = "SwiftUI-SampleTests";
			packageProductDependencies = (
			);
			productName = "SwiftUI-SampleTests";
			productReference = 7C57EB292D1ADC800075FFB4 /* SwiftUI-SampleTests.xctest */;
			productType = "com.apple.product-type.bundle.unit-test";
		};
		7C57EB322D1ADC810075FFB4 /* SwiftUI-SampleUITests */ = {
			isa = PBXNativeTarget;
			buildConfigurationList = 7C57EB432D1ADC810075FFB4 /* Build configuration list for PBXNativeTarget "SwiftUI-SampleUITests" */;
			buildPhases = (
				7C57EB2F2D1ADC810075FFB4 /* Sources */,
				7C57EB302D1ADC810075FFB4 /* Frameworks */,
				7C57EB312D1ADC810075FFB4 /* Resources */,
			);
			buildRules = (
			);
			dependencies = (
				7C57EB352D1ADC810075FFB4 /* PBXTargetDependency */,
			);
			fileSystemSynchronizedGroups = (
				7C57EB362D1ADC810075FFB4 /* SwiftUI-SampleUITests */,
			);
			name = "SwiftUI-SampleUITests";
			packageProductDependencies = (
			);
			productName = "SwiftUI-SampleUITests";
			productReference = 7C57EB332D1ADC810075FFB4 /* SwiftUI-SampleUITests.xctest */;
			productType = "com.apple.product-type.bundle.ui-testing";
		};
/* End PBXNativeTarget section */

/* Begin PBXProject section */
		7C57EB112D1ADC7E0075FFB4 /* Project object */ = {
			isa = PBXProject;
			attributes = {
				BuildIndependentTargetsInParallel = 1;
				LastSwiftUpdateCheck = 1620;
				LastUpgradeCheck = 1620;
				TargetAttributes = {
					7C57EB182D1ADC7E0075FFB4 = {
						CreatedOnToolsVersion = 16.2;
					};
					7C57EB282D1ADC800075FFB4 = {
						CreatedOnToolsVersion = 16.2;
						TestTargetID = 7C57EB182D1ADC7E0075FFB4;
					};
					7C57EB322D1ADC810075FFB4 = {
						CreatedOnToolsVersion = 16.2;
						TestTargetID = 7C57EB182D1ADC7E0075FFB4;
					};
				};
			};
			buildConfigurationList = 7C57EB142D1ADC7E0075FFB4 /* Build configuration list for PBXProject "SwiftUI-Sample" */;
			developmentRegion = en;
			hasScannedForEncodings = 0;
			knownRegions = (
				en,
				Base,
			);
			mainGroup = 7C57EB102D1ADC7E0075FFB4;
			minimizedProjectReferenceProxies = 1;
			preferredProjectObjectVersion = 77;
			productRefGroup = 7C57EB1A2D1ADC7E0075FFB4 /* Products */;
			projectDirPath = "";
			projectRoot = "";
			targets = (
				7C57EB182D1ADC7E0075FFB4 /* SwiftUI-Sample */,
				7C57EB282D1ADC800075FFB4 /* SwiftUI-SampleTests */,
				7C57EB322D1ADC810075FFB4 /* SwiftUI-SampleUITests */,
			);
		};
/* End PBXProject section */

/* Begin PBXResourcesBuildPhase section */
		7C57EB172D1ADC7E0075FFB4 /* Resources */ = {
			isa = PBXResourcesBuildPhase;
			buildActionMask = 2147483647;
			files = (
			);
			runOnlyForDeploymentPostprocessing = 0;
		};
		7C57EB272D1ADC800075FFB4 /* Resources */ = {
			isa = PBXResourcesBuildPhase;
			buildActionMask = 2147483647;
			files = (
			);
			runOnlyForDeploymentPostprocessing = 0;
		};
		7C57EB312D1ADC810075FFB4 /* Resources */ = {
			isa = PBXResourcesBuildPhase;
			buildActionMask = 2147483647;
			files = (
			);
			runOnlyForDeploymentPostprocessing = 0;
		};
/* End PBXResourcesBuildPhase section */

/* Begin PBXSourcesBuildPhase section */
		7C57EB152D1ADC7E0075FFB4 /* Sources */ = {
			isa = PBXSourcesBuildPhase;
			buildActionMask = 2147483647;
			files = (
			);
			runOnlyForDeploymentPostprocessing = 0;
		};
		7C57EB252D1ADC800075FFB4 /* Sources */ = {
			isa = PBXSourcesBuildPhase;
			buildActionMask = 2147483647;
			files = (
			);
			runOnlyForDeploymentPostprocessing = 0;
		};
		7C57EB2F2D1ADC810075FFB4 /* Sources */ = {
			isa = PBXSourcesBuildPhase;
			buildActionMask = 2147483647;
			files = (
			);
			runOnlyForDeploymentPostprocessing = 0;
		};
/* End PBXSourcesBuildPhase section */

/* Begin PBXTargetDependency section */
		7C57EB2B2D1ADC800075FFB4 /* PBXTargetDependency */ = {
			isa = PBXTargetDependency;
			target = 7C57EB182D1ADC7E0075FFB4 /* SwiftUI-Sample */;
			targetProxy = 7C57EB2A2D1ADC800075FFB4 /* PBXContainerItemProxy */;
		};
		7C57EB352D1ADC810075FFB4 /* PBXTargetDependency */ = {
			isa = PBXTargetDependency;
			target = 7C57EB182D1ADC7E0075FFB4 /* SwiftUI-Sample */;
			targetProxy = 7C57EB342D1ADC810075FFB4 /* PBXContainerItemProxy */;
		};
/* End PBXTargetDependency section */

/* Begin XCBuildConfiguration section */
		7C57EB3B2D1ADC810075FFB4 /* Debug */ = {
			isa = XCBuildConfiguration;
			buildSettings = {
				ALWAYS_SEARCH_USER_PATHS = NO;
				ASSETCATALOG_COMPILER_GENERATE_SWIFT_ASSET_SYMBOL_EXTENSIONS = YES;
				CLANG_ANALYZER_NONNULL = YES;
				CLANG_ANALYZER_NUMBER_OBJECT_CONVERSION = YES_AGGRESSIVE;
				CLANG_CXX_LANGUAGE_STANDARD = "gnu++20";
				CLANG_ENABLE_MODULES = YES;
				CLANG_ENABLE_OBJC_ARC = YES;
				CLANG_ENABLE_OBJC_WEAK = YES;
				CLANG_WARN_BLOCK_CAPTURE_AUTORELEASING = YES;
				CLANG_WARN_BOOL_CONVERSION = YES;
				CLANG_WARN_COMMA = YES;
				CLANG_WARN_CONSTANT_CONVERSION = YES;
				CLANG_WARN_DEPRECATED_OBJC_IMPLEMENTATIONS = YES;
				CLANG_WARN_DIRECT_OBJC_ISA_USAGE = YES_ERROR;
				CLANG_WARN_DOCUMENTATION_COMMENTS = YES;
				CLANG_WARN_EMPTY_BODY = YES;
				CLANG_WARN_ENUM_CONVERSION = YES;
				CLANG_WARN_INFINITE_RECURSION = YES;
				CLANG_WARN_INT_CONVERSION = YES;
				CLANG_WARN_NON_LITERAL_NULL_CONVERSION = YES;
				CLANG_WARN_OBJC_IMPLICIT_RETAIN_SELF = YES;
				CLANG_WARN_OBJC_LITERAL_CONVERSION = YES;
				CLANG_WARN_OBJC_ROOT_CLASS = YES_ERROR;
				CLANG_WARN_QUOTED_INCLUDE_IN_FRAMEWORK_HEADER = YES;
				CLANG_WARN_RANGE_LOOP_ANALYSIS = YES;
				CLANG_WARN_STRICT_PROTOTYPES = YES;
				CLANG_WARN_SUSPICIOUS_MOVE = YES;
				CLANG_WARN_UNGUARDED_AVAILABILITY = YES_AGGRESSIVE;
				CLANG_WARN_UNREACHABLE_CODE = YES;
				CLANG_WARN__DUPLICATE_METHOD_MATCH = YES;
				COPY_PHASE_STRIP = NO;
				DEBUG_INFORMATION_FORMAT = dwarf;
				ENABLE_STRICT_OBJC_MSGSEND = YES;
				ENABLE_TESTABILITY = YES;
				ENABLE_USER_SCRIPT_SANDBOXING = YES;
				GCC_C_LANGUAGE_STANDARD = gnu17;
				GCC_DYNAMIC_NO_PIC = NO;
				GCC_NO_COMMON_BLOCKS = YES;
				GCC_OPTIMIZATION_LEVEL = 0;
				GCC_PREPROCESSOR_DEFINITIONS = (
					"DEBUG=1",
					"$(inherited)",
				);
				GCC_WARN_64_TO_32_BIT_CONVERSION = YES;
				GCC_WARN_ABOUT_RETURN_TYPE = YES_ERROR;
				GCC_WARN_UNDECLARED_SELECTOR = YES;
				GCC_WARN_UNINITIALIZED_AUTOS = YES_AGGRESSIVE;
				GCC_WARN_UNUSED_FUNCTION = YES;
				GCC_WARN_UNUSED_VARIABLE = YES;
				IPHONEOS_DEPLOYMENT_TARGET = 18.2;
				LOCALIZATION_PREFERS_STRING_CATALOGS = YES;
				MTL_ENABLE_DEBUG_INFO = INCLUDE_SOURCE;
				MTL_FAST_MATH = YES;
				ONLY_ACTIVE_ARCH = YES;
				SDKROOT = iphoneos;
				SWIFT_ACTIVE_COMPILATION_CONDITIONS = "DEBUG $(inherited)";
				SWIFT_OPTIMIZATION_LEVEL = "-Onone";
			};
			name = Debug;
		};
		7C57EB3C2D1ADC810075FFB4 /* Release */ = {
			isa = XCBuildConfiguration;
			buildSettings = {
				ALWAYS_SEARCH_USER_PATHS = NO;
				ASSETCATALOG_COMPILER_GENERATE_SWIFT_ASSET_SYMBOL_EXTENSIONS = YES;
				CLANG_ANALYZER_NONNULL = YES;
				CLANG_ANALYZER_NUMBER_OBJECT_CONVERSION = YES_AGGRESSIVE;
				CLANG_CXX_LANGUAGE_STANDARD = "gnu++20";
				CLANG_ENABLE_MODULES = YES;
				CLANG_ENABLE_OBJC_ARC = YES;
				CLANG_ENABLE_OBJC_WEAK = YES;
				CLANG_WARN_BLOCK_CAPTURE_AUTORELEASING = YES;
				CLANG_WARN_BOOL_CONVERSION = YES;
				CLANG_WARN_COMMA = YES;
				CLANG_WARN_CONSTANT_CONVERSION = YES;
				CLANG_WARN_DEPRECATED_OBJC_IMPLEMENTATIONS = YES;
				CLANG_WARN_DIRECT_OBJC_ISA_USAGE = YES_ERROR;
				CLANG_WARN_DOCUMENTATION_COMMENTS = YES;
				CLANG_WARN_EMPTY_BODY = YES;
				CLANG_WARN_ENUM_CONVERSION = YES;
				CLANG_WARN_INFINITE_RECURSION = YES;
				CLANG_WARN_INT_CONVERSION = YES;
				CLANG_WARN_NON_LITERAL_NULL_CONVERSION = YES;
				CLANG_WARN_OBJC_IMPLICIT_RETAIN_SELF = YES;
				CLANG_WARN_OBJC_LITERAL_CONVERSION = YES;
				CLANG_WARN_OBJC_ROOT_CLASS = YES_ERROR;
				CLANG_WARN_QUOTED_INCLUDE_IN_FRAMEWORK_HEADER = YES;
				CLANG_WARN_RANGE_LOOP_ANALYSIS = YES;
				CLANG_WARN_STRICT_PROTOTYPES = YES;
				CLANG_WARN_SUSPICIOUS_MOVE = YES;
				CLANG_WARN_UNGUARDED_AVAILABILITY = YES_AGGRESSIVE;
				CLANG_WARN_UNREACHABLE_CODE = YES;
				CLANG_WARN__DUPLICATE_METHOD_MATCH = YES;
				COPY_PHASE_STRIP = NO;
				DEBUG_INFORMATION_FORMAT = "dwarf-with-dsym";
				ENABLE_NS_ASSERTIONS = NO;
				ENABLE_STRICT_OBJC_MSGSEND = YES;
				ENABLE_USER_SCRIPT_SANDBOXING = YES;
				GCC_C_LANGUAGE_STANDARD = gnu17;
				GCC_NO_COMMON_BLOCKS = YES;
				GCC_WARN_64_TO_32_BIT_CONVERSION = YES;
				GCC_WARN_ABOUT_RETURN_TYPE = YES_ERROR;
				GCC_WARN_UNDECLARED_SELECTOR = YES;
				GCC_WARN_UNINITIALIZED_AUTOS = YES_AGGRESSIVE;
				GCC_WARN_UNUSED_FUNCTION = YES;
				GCC_WARN_UNUSED_VARIABLE = YES;
				IPHONEOS_DEPLOYMENT_TARGET = 18.2;
				LOCALIZATION_PREFERS_STRING_CATALOGS = YES;
				MTL_ENABLE_DEBUG_INFO = NO;
				MTL_FAST_MATH = YES;
				SDKROOT = iphoneos;
				SWIFT_COMPILATION_MODE = wholemodule;
				VALIDATE_PRODUCT = YES;
			};
			name = Release;
		};
		7C57EB3E2D1ADC810075FFB4 /* Debug */ = {
			isa = XCBuildConfiguration;
			buildSettings = {
				ASSETCATALOG_COMPILER_APPICON_NAME = AppIcon;
				ASSETCATALOG_COMPILER_GLOBAL_ACCENT_COLOR_NAME = AccentColor;
				CODE_SIGN_STYLE = Automatic;
				CURRENT_PROJECT_VERSION = 1;
				DEVELOPMENT_ASSET_PATHS = "\"SwiftUI-Sample/Preview Content\"";
				DEVELOPMENT_TEAM = XF2CHVSLUZ;
				ENABLE_PREVIEWS = YES;
				GENERATE_INFOPLIST_FILE = YES;
				INFOPLIST_KEY_UIApplicationSceneManifest_Generation = YES;
				INFOPLIST_KEY_UIApplicationSupportsIndirectInputEvents = YES;
				INFOPLIST_KEY_UILaunchScreen_Generation = YES;
				INFOPLIST_KEY_UISupportedInterfaceOrientations_iPad = "UIInterfaceOrientationPortrait UIInterfaceOrientationPortraitUpsideDown UIInterfaceOrientationLandscapeLeft UIInterfaceOrientationLandscapeRight";
				INFOPLIST_KEY_UISupportedInterfaceOrientations_iPhone = "UIInterfaceOrientationPortrait UIInterfaceOrientationLandscapeLeft UIInterfaceOrientationLandscapeRight";
				LD_RUNPATH_SEARCH_PATHS = (
					"$(inherited)",
					"@executable_path/Frameworks",
				);
				MARKETING_VERSION = 1.0;
				PRODUCT_BUNDLE_IDENTIFIER = "com.example.SwiftUI-Sample";
				PRODUCT_NAME = "$(TARGET_NAME)";
				SWIFT_EMIT_LOC_STRINGS = YES;
				SWIFT_VERSION = 5.0;
				TARGETED_DEVICE_FAMILY = "1,2";
			};
			name = Debug;
		};
		7C57EB3F2D1ADC810075FFB4 /* Release */ = {
			isa = XCBuildConfiguration;
			buildSettings = {
				ASSETCATALOG_COMPILER_APPICON_NAME = AppIcon;
				ASSETCATALOG_COMPILER_GLOBAL_ACCENT_COLOR_NAME = AccentColor;
				CODE_SIGN_STYLE = Automatic;
				CURRENT_PROJECT_VERSION = 1;
				DEVELOPMENT_ASSET_PATHS = "\"SwiftUI-Sample/Preview Content\"";
				DEVELOPMENT_TEAM = XF2CHVSLUZ;
				ENABLE_PREVIEWS = YES;
				GENERATE_INFOPLIST_FILE = YES;
				INFOPLIST_KEY_UIApplicationSceneManifest_Generation = YES;
				INFOPLIST_KEY_UIApplicationSupportsIndirectInputEvents = YES;
				INFOPLIST_KEY_UILaunchScreen_Generation = YES;
				INFOPLIST_KEY_UISupportedInterfaceOrientations_iPad = "UIInterfaceOrientationPortrait UIInterfaceOrientationPortraitUpsideDown UIInterfaceOrientationLandscapeLeft UIInterfaceOrientationLandscapeRight";
				INFOPLIST_KEY_UISupportedInterfaceOrientations_iPhone = "UIInterfaceOrientationPortrait UIInterfaceOrientationLandscapeLeft UIInterfaceOrientationLandscapeRight";
				LD_RUNPATH_SEARCH_PATHS = (
					"$(inherited)",
					"@executable_path/Frameworks",
				);
				MARKETING_VERSION = 1.0;
				PRODUCT_BUNDLE_IDENTIFIER = "com.example.SwiftUI-Sample";
				PRODUCT_NAME = "$(TARGET_NAME)";
				SWIFT_EMIT_LOC_STRINGS = YES;
				SWIFT_VERSION = 5.0;
				TARGETED_DEVICE_FAMILY = "1,2";
			};
			name = Release;
		};
		7C57EB412D1ADC810075FFB4 /* Debug */ = {
			isa = XCBuildConfiguration;
			buildSettings = {
				BUNDLE_LOADER = "$(TEST_HOST)";
				CODE_SIGN_STYLE = Automatic;
				CURRENT_PROJECT_VERSION = 1;
				DEVELOPMENT_TEAM = XF2CHVSLUZ;
				GENERATE_INFOPLIST_FILE = YES;
				IPHONEOS_DEPLOYMENT_TARGET = 18.2;
				MARKETING_VERSION = 1.0;
				PRODUCT_BUNDLE_IDENTIFIER = "com.example.SwiftUI-SampleTests";
				PRODUCT_NAME = "$(TARGET_NAME)";
				SWIFT_EMIT_LOC_STRINGS = NO;
				SWIFT_VERSION = 5.0;
				TARGETED_DEVICE_FAMILY = "1,2";
				TEST_HOST = "$(BUILT_PRODUCTS_DIR)/SwiftUI-Sample.app/$(BUNDLE_EXECUTABLE_FOLDER_PATH)/SwiftUI-Sample";
			};
			name = Debug;
		};
		7C57EB422D1ADC810075FFB4 /* Release */ = {
			isa = XCBuildConfiguration;
			buildSettings = {
				BUNDLE_LOADER = "$(TEST_HOST)";
				CODE_SIGN_STYLE = Automatic;
				CURRENT_PROJECT_VERSION = 1;
				DEVELOPMENT_TEAM = XF2CHVSLUZ;
				GENERATE_INFOPLIST_FILE = YES;
				IPHONEOS_DEPLOYMENT_TARGET = 18.2;
				MARKETING_VERSION = 1.0;
				PRODUCT_BUNDLE_IDENTIFIER = "com.example.SwiftUI-SampleTests";
				PRODUCT_NAME = "$(TARGET_NAME)";
				SWIFT_EMIT_LOC_STRINGS = NO;
				SWIFT_VERSION = 5.0;
				TARGETED_DEVICE_FAMILY = "1,2";
				TEST_HOST = "$(BUILT_PRODUCTS_DIR)/SwiftUI-Sample.app/$(BUNDLE_EXECUTABLE_FOLDER_PATH)/SwiftUI-Sample";
			};
			name = Release;
		};
		7C57EB442D1ADC810075FFB4 /* Debug */ = {
			isa = XCBuildConfiguration;
			buildSettings = {
				CODE_SIGN_STYLE = Automatic;
				CURRENT_PROJECT_VERSION = 1;
				DEVELOPMENT_TEAM = XF2CHVSLUZ;
				GENERATE_INFOPLIST_FILE = YES;
				MARKETING_VERSION = 1.0;
				PRODUCT_BUNDLE_IDENTIFIER = "com.example.SwiftUI-SampleUITests";
				PRODUCT_NAME = "$(TARGET_NAME)";
				SWIFT_EMIT_LOC_STRINGS = NO;
				SWIFT_VERSION = 5.0;
				TARGETED_DEVICE_FAMILY = "1,2";
				TEST_TARGET_NAME = "SwiftUI-Sample";
			};
			name = Debug;
		};
		7C57EB452D1ADC810075FFB4 /* Release */ = {
			isa = XCBuildConfiguration;
			buildSettings = {
				CODE_SIGN_STYLE = Automatic;
				CURRENT_PROJECT_VERSION = 1;
				DEVELOPMENT_TEAM = XF2CHVSLUZ;
				GENERATE_INFOPLIST_FILE = YES;
				MARKETING_VERSION = 1.0;
				PRODUCT_BUNDLE_IDENTIFIER = "com.example.SwiftUI-SampleUITests";
				PRODUCT_NAME = "$(TARGET_NAME)";
				SWIFT_EMIT_LOC_STRINGS = NO;
				SWIFT_VERSION = 5.0;
				TARGETED_DEVICE_FAMILY = "1,2";
				TEST_TARGET_NAME = "SwiftUI-Sample";
			};
			name = Release;
		};
/* End XCBuildConfiguration section */

/* Begin XCConfigurationList section */
		7C57EB142D1ADC7E0075FFB4 /* Build configuration list for PBXProject "SwiftUI-Sample" */ = {
			isa = XCConfigurationList;
			buildConfigurations = (
				7C57EB3B2D1ADC810075FFB4 /* Debug */,
				7C57EB3C2D1ADC810075FFB4 /* Release */,
			);
			defaultConfigurationIsVisible = 0;
			defaultConfigurationName = Release;
		};
		7C57EB3D2D1ADC810075FFB4 /* Build configuration list for PBXNativeTarget "SwiftUI-Sample" */ = {
			isa = XCConfigurationList;
			buildConfigurations = (
				7C57EB3E2D1ADC810075FFB4 /* Debug */,
				7C57EB3F2D1ADC810075FFB4 /* Release */,
			);
			defaultConfigurationIsVisible = 0;
			defaultConfigurationName = Release;
		};
		7C57EB402D1ADC810075FFB4 /* Build configuration list for PBXNativeTarget "SwiftUI-SampleTests" */ = {
			isa = XCConfigurationList;
			buildConfigurations = (
				7C57EB412D1ADC810075FFB4 /* Debug */,
				7C57EB422D1ADC810075FFB4 /* Release */,
			);
			defaultConfigurationIsVisible = 0;
			defaultConfigurationName = Release;
		};
		7C57EB432D1ADC810075FFB4 /* Build configuration list for PBXNativeTarget "SwiftUI-SampleUITests" */ = {
			isa = XCConfigurationList;
			buildConfigurations = (
				7C57EB442D1ADC810075FFB4 /* Debug */,
				7C57EB452D1ADC810075FFB4 /* Release */,
			);
			defaultConfigurationIsVisible = 0;
			defaultConfigurationName = Release;
		};
/* End XCConfigurationList section */
	};
	rootObject = 7C57EB112D1ADC7E0075FFB4 /* Project object */;
}
